Microsoft Visual Studio Solution File, Format Version 12.00
# Visual Studio Version 17
VisualStudioVersion = 17.5.2.0
MinimumVisualStudioVersion = 10.0.40219.1
Project("{FAE04EC0-301F-11D3-BF4B-00C04F79EFBC}") = "zheight-autocad-plugin", "zheight-autocad-plugin\zheight-autocad-plugin.csproj", "{6EB1EFF9-FAF4-1ABC-7F99-04F6D4347D17}"
EndProject
Global
	GlobalSection(SolutionConfigurationPlatforms) = preSolution
		Debug|Any CPU = Debug|Any CPU
		Release|Any CPU = Release|Any CPU
	EndGlobalSection
	GlobalSection(ProjectConfigurationPlatforms) = postSolution
		{6EB1EFF9-FAF4-1ABC-7F99-04F6D4347D17}.Debug|Any CPU.ActiveCfg = Debug|Any CPU
		{6EB1EFF9-FAF4-1ABC-7F99-04F6D4347D17}.Debug|Any CPU.Build.0 = Debug|Any CPU
		{6EB1EFF9-FAF4-1ABC-7F99-04F6D4347D17}.Release|Any CPU.ActiveCfg = Release|Any CPU
		{6EB1EFF9-FAF4-1ABC-7F99-04F6D4347D17}.Release|Any CPU.Build.0 = Release|Any CPU
	EndGlobalSection
	GlobalSection(SolutionProperties) = preSolution
		HideSolutionNode = FALSE
	EndGlobalSection
	GlobalSection(ExtensibilityGlobals) = postSolution
		SolutionGuid = {B57994C0-77AB-46FD-9BBB-796C7BB51933}
	EndGlobalSection
EndGlobal
